
Microsoft Visual Studio Solution File, Format Version 12.00
# Visual Studio Version 16
VisualStudioVersion = 16.0.30717.126
MinimumVisualStudioVersion = 10.0.40219.1
Project("{FAE04EC0-301F-11D3-BF4B-00C04F79EFBC}") = "Sushkov_LabSession", "Sushkov_LabSession.csproj", "{DF4CB1FD-44CB-4533-BDFE-CECF18C2F19F}"
EndProject
Global
	GlobalSection(SolutionConfigurationPlatforms) = preSolution
		Debug|Any CPU = Debug|Any CPU
		Release|Any CPU = Release|Any CPU
	EndGlobalSection
	GlobalSection(ProjectConfigurationPlatforms) = postSolution
		{DF4CB1FD-44CB-4533-BDFE-CECF18C2F19F}.Debug|Any CPU.ActiveCfg = Debug|Any CPU
		{DF4CB1FD-44CB-4533-BDFE-CECF18C2F19F}.Debug|Any CPU.Build.0 = Debug|Any CPU
		{DF4CB1FD-44CB-4533-BDFE-CECF18C2F19F}.Release|Any CPU.ActiveCfg = Release|Any CPU
		{DF4CB1FD-44CB-4533-BDFE-CECF18C2F19F}.Release|Any CPU.Build.0 = Release|Any CPU
	EndGlobalSection
	GlobalSection(SolutionProperties) = preSolution
		HideSolutionNode = FALSE
	EndGlobalSection
	GlobalSection(ExtensibilityGlobals) = postSolution
		SolutionGuid = {0EDD884E-3082-4557-9C08-B7D173D179D8}
	EndGlobalSection
EndGlobal
